// !$*UTF8*$!
{
	archiveVersion = 1;
	classes = {
	};
	objectVersion = 46;
	objects = {

/* Begin PBXBuildFile section */
		119934F91AB063B6007528B7 /* AppDelegate.swift in Sources */ = {isa = PBXBuildFile; fileRef = 119934F81AB063B6007528B7 /* AppDelegate.swift */; };
		119934FB1AB063B6007528B7 /* ViewController.swift in Sources */ = {isa = PBXBuildFile; fileRef = 119934FA1AB063B6007528B7 /* ViewController.swift */; };
		119934FE1AB063B6007528B7 /* Main.storyboard in Resources */ = {isa = PBXBuildFile; fileRef = 119934FC1AB063B6007528B7 /* Main.storyboard */; };
		119935001AB063B6007528B7 /* Images.xcassets in Resources */ = {isa = PBXBuildFile; fileRef = 119934FF1AB063B6007528B7 /* Images.xcassets */; };
		119935031AB063B6007528B7 /* LaunchScreen.xib in Resources */ = {isa = PBXBuildFile; fileRef = 119935011AB063B6007528B7 /* LaunchScreen.xib */; };
		1199350F1AB063B6007528B7 /* CoreAnimationTodayExtensionTests.swift in Sources */ = {isa = PBXBuildFile; fileRef = 1199350E1AB063B6007528B7 /* CoreAnimationTodayExtensionTests.swift */; };
/* End PBXBuildFile section */

/* Begin PBXContainerItemProxy section */
		119935091AB063B6007528B7 /* PBXContainerItemProxy */ = {
			isa = PBXContainerItemProxy;
			containerPortal = 119934EB1AB063B6007528B7 /* Project object */;
			proxyType = 1;
			remoteGlobalIDString = 119934F21AB063B6007528B7;
			remoteInfo = CoreAnimationTodayExtension;
		};
/* End PBXContainerItemProxy section */

/* Begin PBXFileReference section */
		119934F31AB063B6007528B7 /* CoreAnimationTodayExtension.app */ = {isa = PBXFileReference; explicitFileType = wrapper.application; includeInIndex = 0; path = CoreAnimationTodayExtension.app; sourceTree = BUILT_PRODUCTS_DIR; };
		119934F71AB063B6007528B7 /* Info.plist */ = {isa = PBXFileReference; lastKnownFileType = text.plist.xml; path = Info.plist; sourceTree = "<group>"; };
		119934F81AB063B6007528B7 /* AppDelegate.swift */ = {isa = PBXFileReference; lastKnownFileType = sourcecode.swift; path = AppDelegate.swift; sourceTree = "<group>"; };
		119934FA1AB063B6007528B7 /* ViewController.swift */ = {isa = PBXFileReference; lastKnownFileType = sourcecode.swift; path = ViewController.swift; sourceTree = "<group>"; };
		119934FD1AB063B6007528B7 /* Base */ = {isa = PBXFileReference; lastKnownFileType = file.storyboard; name = Base; path = Base.lproj/Main.storyboard; sourceTree = "<group>"; };
		119934FF1AB063B6007528B7 /* Images.xcassets */ = {isa = PBXFileReference; lastKnownFileType = folder.assetcatalog; path = Images.xcassets; sourceTree = "<group>"; };
		119935021AB063B6007528B7 /* Base */ = {isa = PBXFileReference; lastKnownFileType = file.xib; name = Base; path = Base.lproj/LaunchScreen.xib; sourceTree = "<group>"; };
		119935081AB063B6007528B7 /* CoreAnimationTodayExtensionTests.xctest */ = {isa = PBXFileReference; explicitFileType = wrapper.cfbundle; includeInIndex = 0; path = CoreAnimationTodayExtensionTests.xctest; sourceTree = BUILT_PRODUCTS_DIR; };
		1199350D1AB063B6007528B7 /* Info.plist */ = {isa = PBXFileReference; lastKnownFileType = text.plist.xml; path = Info.plist; sourceTree = "<group>"; };
		1199350E1AB063B6007528B7 /* CoreAnimationTodayExtensionTests.swift */ = {isa = PBXFileReference; lastKnownFileType = sourcecode.swift; path = CoreAnimationTodayExtensionTests.swift; sourceTree = "<group>"; };
/* End PBXFileReference section */

/* Begin PBXFrameworksBuildPhase section */
		119934F01AB063B6007528B7 /* Frameworks */ = {
			isa = PBXFrameworksBuildPhase;
			buildActionMask = 2147483647;
			files = (
			);
			runOnlyForDeploymentPostprocessing = 0;
		};
		119935051AB063B6007528B7 /* Frameworks */ = {
			isa = PBXFrameworksBuildPhase;
			buildActionMask = 2147483647;
			files = (
			);
			runOnlyForDeploymentPostprocessing = 0;
		};
/* End PBXFrameworksBuildPhase section */

/* Begin PBXGroup section */
		119934EA1AB063B6007528B7 = {
			isa = PBXGroup;
			children = (
				119934F51AB063B6007528B7 /* CoreAnimationTodayExtension */,
				1199350B1AB063B6007528B7 /* CoreAnimationTodayExtensionTests */,
				119934F41AB063B6007528B7 /* Products */,
			);
			sourceTree = "<group>";
		};
		119934F41AB063B6007528B7 /* Products */ = {
			isa = PBXGroup;
			children = (
				119934F31AB063B6007528B7 /* CoreAnimationTodayExtension.app */,
				119935081AB063B6007528B7 /* CoreAnimationTodayExtensionTests.xctest */,
			);
			name = Products;
			sourceTree = "<group>";
		};
		119934F51AB063B6007528B7 /* CoreAnimationTodayExtension */ = {
			isa = PBXGroup;
			children = (
				119934F81AB063B6007528B7 /* AppDelegate.swift */,
				119934FA1AB063B6007528B7 /* ViewController.swift */,
				119934FC1AB063B6007528B7 /* Main.storyboard */,
				119934FF1AB063B6007528B7 /* Images.xcassets */,
				119935011AB063B6007528B7 /* LaunchScreen.xib */,
				119934F61AB063B6007528B7 /* Supporting Files */,
			);
			path = CoreAnimationTodayExtension;
			sourceTree = "<group>";
		};
		119934F61AB063B6007528B7 /* Supporting Files */ = {
			isa = PBXGroup;
			children = (
				119934F71AB063B6007528B7 /* Info.plist */,
			);
			name = "Supporting Files";
			sourceTree = "<group>";
		};
		1199350B1AB063B6007528B7 /* CoreAnimationTodayExtensionTests */ = {
			isa = PBXGroup;
			children = (
				1199350E1AB063B6007528B7 /* CoreAnimationTodayExtensionTests.swift */,
				1199350C1AB063B6007528B7 /* Supporting Files */,
			);
			path = CoreAnimationTodayExtensionTests;
			sourceTree = "<group>";
		};
		1199350C1AB063B6007528B7 /* Supporting Files */ = {
			isa = PBXGroup;
			children = (
				1199350D1AB063B6007528B7 /* Info.plist */,
			);
			name = "Supporting Files";
			sourceTree = "<group>";
		};
/* End PBXGroup section */

/* Begin PBXNativeTarget section */
		119934F21AB063B6007528B7 /* CoreAnimationTodayExtension */ = {
			isa = PBXNativeTarget;
			buildConfigurationList = 119935121AB063B6007528B7 /* Build configuration list for PBXNativeTarget "CoreAnimationTodayExtension" */;
			buildPhases = (
				119934EF1AB063B6007528B7 /* Sources */,
				119934F01AB063B6007528B7 /* Frameworks */,
				119934F11AB063B6007528B7 /* Resources */,
			);
			buildRules = (
			);
			dependencies = (
			);
			name = CoreAnimationTodayExtension;
			productName = CoreAnimationTodayExtension;
			productReference = 119934F31AB063B6007528B7 /* CoreAnimationTodayExtension.app */;
			productType = "com.apple.product-type.application";
		};
		119935071AB063B6007528B7 /* CoreAnimationTodayExtensionTests */ = {
			isa = PBXNativeTarget;
			buildConfigurationList = 119935151AB063B6007528B7 /* Build configuration list for PBXNativeTarget "CoreAnimationTodayExtensionTests" */;
			buildPhases = (
				119935041AB063B6007528B7 /* Sources */,
				119935051AB063B6007528B7 /* Frameworks */,
				119935061AB063B6007528B7 /* Resources */,
			);
			buildRules = (
			);
			dependencies = (
				1199350A1AB063B6007528B7 /* PBXTargetDependency */,
			);
			name = CoreAnimationTodayExtensionTests;
			productName = CoreAnimationTodayExtensionTests;
			productReference = 119935081AB063B6007528B7 /* CoreAnimationTodayExtensionTests.xctest */;
			productType = "com.apple.product-type.bundle.unit-test";
		};
/* End PBXNativeTarget section */

/* Begin PBXProject section */
		119934EB1AB063B6007528B7 /* Project object */ = {
			isa = PBXProject;
			attributes = {
				LastUpgradeCheck = 0610;
				ORGANIZATIONNAME = 1st1k;
				TargetAttributes = {
					119934F21AB063B6007528B7 = {
						CreatedOnToolsVersion = 6.1.1;
					};
					119935071AB063B6007528B7 = {
						CreatedOnToolsVersion = 6.1.1;
						TestTargetID = 119934F21AB063B6007528B7;
					};
				};
			};
			buildConfigurationList = 119934EE1AB063B6007528B7 /* Build configuration list for PBXProject "CoreAnimationTodayExtension" */;
			compatibilityVersion = "Xcode 3.2";
			developmentRegion = English;
			hasScannedForEncodings = 0;
			knownRegions = (
				en,
				Base,
			);
			mainGroup = 119934EA1AB063B6007528B7;
			productRefGroup = 119934F41AB063B6007528B7 /* Products */;
			projectDirPath = "";
			projectRoot = "";
			targets = (
				119934F21AB063B6007528B7 /* CoreAnimationTodayExtension */,
				119935071AB063B6007528B7 /* CoreAnimationTodayExtensionTests */,
			);
		};
/* End PBXProject section */

/* Begin PBXResourcesBuildPhase section */
		119934F11AB063B6007528B7 /* Resources */ = {
			isa = PBXResourcesBuildPhase;
			buildActionMask = 2147483647;
			files = (
				119934FE1AB063B6007528B7 /* Main.storyboard in Resources */,
				119935031AB063B6007528B7 /* LaunchScreen.xib in Resources */,
				119935001AB063B6007528B7 /* Images.xcassets in Resources */,
			);
			runOnlyForDeploymentPostprocessing = 0;
		};
		119935061AB063B6007528B7 /* Resources */ = {
			isa = PBXResourcesBuildPhase;
			buildActionMask = 2147483647;
			files = (
			);
			runOnlyForDeploymentPostprocessing = 0;
		};
/* End PBXResourcesBuildPhase section */

/* Begin PBXSourcesBuildPhase section */
		119934EF1AB063B6007528B7 /* Sources */ = {
			isa = PBXSourcesBuildPhase;
			buildActionMask = 2147483647;
			files = (
				119934FB1AB063B6007528B7 /* ViewController.swift in Sources */,
				119934F91AB063B6007528B7 /* AppDelegate.swift in Sources */,
			);
			runOnlyForDeploymentPostprocessing = 0;
		};
		119935041AB063B6007528B7 /* Sources */ = {
			isa = PBXSourcesBuildPhase;
			buildActionMask = 2147483647;
			files = (
				1199350F1AB063B6007528B7 /* CoreAnimationTodayExtensionTests.swift in Sources */,
			);
			runOnlyForDeploymentPostprocessing = 0;
		};
/* End PBXSourcesBuildPhase section */

/* Begin PBXTargetDependency section */
		1199350A1AB063B6007528B7 /* PBXTargetDependency */ = {
			isa = PBXTargetDependency;
			target = 119934F21AB063B6007528B7 /* CoreAnimationTodayExtension */;
			targetProxy = 119935091AB063B6007528B7 /* PBXContainerItemProxy */;
		};
/* End PBXTargetDependency section */

/* Begin PBXVariantGroup section */
		119934FC1AB063B6007528B7 /* Main.storyboard */ = {
			isa = PBXVariantGroup;
			children = (
				119934FD1AB063B6007528B7 /* Base */,
			);
			name = Main.storyboard;
			sourceTree = "<group>";
		};
		119935011AB063B6007528B7 /* LaunchScreen.xib */ = {
			isa = PBXVariantGroup;
			children = (
				119935021AB063B6007528B7 /* Base */,
			);
			name = LaunchScreen.xib;
			sourceTree = "<group>";
		};
/* End PBXVariantGroup section */

/* Begin XCBuildConfiguration section */
		119935101AB063B6007528B7 /* Debug */ = {
			isa = XCBuildConfiguration;
			buildSettings = {
				ALWAYS_SEARCH_USER_PATHS = NO;
				CLANG_CXX_LANGUAGE_STANDARD = "gnu++0x";
				CLANG_CXX_LIBRARY = "libc++";
				CLANG_ENABLE_MODULES = YES;
				CLANG_ENABLE_OBJC_ARC = YES;
				CLANG_WARN_BOOL_CONVERSION = YES;
				CLANG_WARN_CONSTANT_CONVERSION = YES;
				CLANG_WARN_DIRECT_OBJC_ISA_USAGE = YES_ERROR;
				CLANG_WARN_EMPTY_BODY = YES;
				CLANG_WARN_ENUM_CONVERSION = YES;
				CLANG_WARN_INT_CONVERSION = YES;
				CLANG_WARN_OBJC_ROOT_CLASS = YES_ERROR;
				CLANG_WARN_UNREACHABLE_CODE = YES;
				CLANG_WARN__DUPLICATE_METHOD_MATCH = YES;
				"CODE_SIGN_IDENTITY[sdk=iphoneos*]" = "iPhone Developer";
				COPY_PHASE_STRIP = NO;
				ENABLE_STRICT_OBJC_MSGSEND = YES;
				GCC_C_LANGUAGE_STANDARD = gnu99;
				GCC_DYNAMIC_NO_PIC = NO;
				GCC_OPTIMIZATION_LEVEL = 0;
				GCC_PREPROCESSOR_DEFINITIONS = (
					"DEBUG=1",
					"$(inherited)",
				);
				GCC_SYMBOLS_PRIVATE_EXTERN = NO;
				GCC_WARN_64_TO_32_BIT_CONVERSION = YES;
				GCC_WARN_ABOUT_RETURN_TYPE = YES_ERROR;
				GCC_WARN_UNDECLARED_SELECTOR = YES;
				GCC_WARN_UNINITIALIZED_AUTOS = YES_AGGRESSIVE;
				GCC_WARN_UNUSED_FUNCTION = YES;
				GCC_WARN_UNUSED_VARIABLE = YES;
				IPHONEOS_DEPLOYMENT_TARGET = 8.1;
				MTL_ENABLE_DEBUG_INFO = YES;
				ONLY_ACTIVE_ARCH = YES;
				SDKROOT = iphoneos;
				SWIFT_OPTIMIZATION_LEVEL = "-Onone";
				TARGETED_DEVICE_FAMILY = "1,2";
			};
			name = Debug;
		};
		119935111AB063B6007528B7 /* Release */ = {
			isa = XCBuildConfiguration;
			buildSettings = {
				ALWAYS_SEARCH_USER_PATHS = NO;
				CLANG_CXX_LANGUAGE_STANDARD = "gnu++0x";
				CLANG_CXX_LIBRARY = "libc++";
				CLANG_ENABLE_MODULES = YES;
				CLANG_ENABLE_OBJC_ARC = YES;
				CLANG_WARN_BOOL_CONVERSION = YES;
				CLANG_WARN_CONSTANT_CONVERSION = YES;
				CLANG_WARN_DIRECT_OBJC_ISA_USAGE = YES_ERROR;
				CLANG_WARN_EMPTY_BODY = YES;
				CLANG_WARN_ENUM_CONVERSION = YES;
				CLANG_WARN_INT_CONVERSION = YES;
				CLANG_WARN_OBJC_ROOT_CLASS = YES_ERROR;
				CLANG_WARN_UNREACHABLE_CODE = YES;
				CLANG_WARN__DUPLICATE_METHOD_MATCH = YES;
				"CODE_SIGN_IDENTITY[sdk=iphoneos*]" = "iPhone Developer";
				COPY_PHASE_STRIP = YES;
				ENABLE_NS_ASSERTIONS = NO;
				ENABLE_STRICT_OBJC_MSGSEND = YES;
				GCC_C_LANGUAGE_STANDARD = gnu99;
				GCC_WARN_64_TO_32_BIT_CONVERSION = YES;
				GCC_WARN_ABOUT_RETURN_TYPE = YES_ERROR;
				GCC_WARN_UNDECLARED_SELECTOR = YES;
				GCC_WARN_UNINITIALIZED_AUTOS = YES_AGGRESSIVE;
				GCC_WARN_UNUSED_FUNCTION = YES;
				GCC_WARN_UNUSED_VARIABLE = YES;
				IPHONEOS_DEPLOYMENT_TARGET = 8.1;
				MTL_ENABLE_DEBUG_INFO = NO;
				SDKROOT = iphoneos;
				TARGETED_DEVICE_FAMILY = "1,2";
				VALIDATE_PRODUCT = YES;
			};
			name = Release;
		};
		119935131AB063B6007528B7 /* Debug */ = {
			isa = XCBuildConfiguration;
			buildSettings = {
				ASSETCATALOG_COMPILER_APPICON_NAME = AppIcon;
				INFOPLIST_FILE = CoreAnimationTodayExtension/Info.plist;
				LD_RUNPATH_SEARCH_PATHS = "$(inherited) @executable_path/Frameworks";
				PRODUCT_NAME = "$(TARGET_NAME)";
			};
			name = Debug;
		};
		119935141AB063B6007528B7 /* Release */ = {
			isa = XCBuildConfiguration;
			buildSettings = {
				ASSETCATALOG_COMPILER_APPICON_NAME = AppIcon;
				INFOPLIST_FILE = CoreAnimationTodayExtension/Info.plist;
				LD_RUNPATH_SEARCH_PATHS = "$(inherited) @executable_path/Frameworks";
				PRODUCT_NAME = "$(TARGET_NAME)";
			};
			name = Release;
		};
		119935161AB063B6007528B7 /* Debug */ = {
			isa = XCBuildConfiguration;
			buildSettings = {
				BUNDLE_LOADER = "$(TEST_HOST)";
				FRAMEWORK_SEARCH_PATHS = (
					"$(SDKROOT)/Developer/Library/Frameworks",
					"$(inherited)",
				);
				GCC_PREPROCESSOR_DEFINITIONS = (
					"DEBUG=1",
					"$(inherited)",
				);
				INFOPLIST_FILE = CoreAnimationTodayExtensionTests/Info.plist;
				LD_RUNPATH_SEARCH_PATHS = "$(inherited) @executable_path/Frameworks @loader_path/Frameworks";
				PRODUCT_NAME = "$(TARGET_NAME)";
				TEST_HOST = "$(BUILT_PRODUCTS_DIR)/CoreAnimationTodayExtension.app/CoreAnimationTodayExtension";
			};
			name = Debug;
		};
		119935171AB063B6007528B7 /* Release */ = {
			isa = XCBuildConfiguration;
			buildSettings = {
				BUNDLE_LOADER = "$(TEST_HOST)";
				FRAMEWORK_SEARCH_PATHS = (
					"$(SDKROOT)/Developer/Library/Frameworks",
					"$(inherited)",
				);
				INFOPLIST_FILE = CoreAnimationTodayExtensionTests/Info.plist;
				LD_RUNPATH_SEARCH_PATHS = "$(inherited) @executable_path/Frameworks @loader_path/Frameworks";
				PRODUCT_NAME = "$(TARGET_NAME)";
				TEST_HOST = "$(BUILT_PRODUCTS_DIR)/CoreAnimationTodayExtension.app/CoreAnimationTodayExtension";
			};
			name = Release;
		};
/* End XCBuildConfiguration section */

/* Begin XCConfigurationList section */
		119934EE1AB063B6007528B7 /* Build configuration list for PBXProject "CoreAnimationTodayExtension" */ = {
			isa = XCConfigurationList;
			buildConfigurations = (
				119935101AB063B6007528B7 /* Debug */,
				119935111AB063B6007528B7 /* Release */,
			);
			defaultConfigurationIsVisible = 0;
			defaultConfigurationName = Release;
		};
		119935121AB063B6007528B7 /* Build configuration list for PBXNativeTarget "CoreAnimationTodayExtension" */ = {
			isa = XCConfigurationList;
			buildConfigurations = (
				119935131AB063B6007528B7 /* Debug */,
				119935141AB063B6007528B7 /* Release */,
			);
			defaultConfigurationIsVisible = 0;
		};
		119935151AB063B6007528B7 /* Build configuration list for PBXNativeTarget "CoreAnimationTodayExtensionTests" */ = {
			isa = XCConfigurationList;
			buildConfigurations = (
				119935161AB063B6007528B7 /* Debug */,
				119935171AB063B6007528B7 /* Release */,
			);
			defaultConfigurationIsVisible = 0;
		};
/* End XCConfigurationList section */
	};
	rootObject = 119934EB1AB063B6007528B7 /* Project object */;
}
